
Microsoft Visual Studio Solution File, Format Version 12.00
# Visual Studio Version 17
VisualStudioVersion = 17.8.34408.163
MinimumVisualStudioVersion = 10.0.40219.1
Project("{FAE04EC0-301F-11D3-BF4B-00C04F79EFBC}") = "LMS2", "LMS2\LMS2.csproj", "{AA90F4A8-A4DA-4025-9E99-36CD11B71717}"
EndProject
Global
	GlobalSection(SolutionConfigurationPlatforms) = preSolution
		Debug|Any CPU = Debug|Any CPU
		Release|Any CPU = Release|Any CPU
	EndGlobalSection
	GlobalSection(ProjectConfigurationPlatforms) = postSolution
		{AA90F4A8-A4DA-4025-9E99-36CD11B71717}.Debug|Any CPU.ActiveCfg = Debug|Any CPU
		{AA90F4A8-A4DA-4025-9E99-36CD11B71717}.Debug|Any CPU.Build.0 = Debug|Any CPU
		{AA90F4A8-A4DA-4025-9E99-36CD11B71717}.Release|Any CPU.ActiveCfg = Release|Any CPU
		{AA90F4A8-A4DA-4025-9E99-36CD11B71717}.Release|Any CPU.Build.0 = Release|Any CPU
	EndGlobalSection
	GlobalSection(SolutionProperties) = preSolution
		HideSolutionNode = FALSE
	EndGlobalSection
	GlobalSection(ExtensibilityGlobals) = postSolution
		SolutionGuid = {6B9D4808-0C28-403D-B365-D645DEAF01C5}
	EndGlobalSection
EndGlobal
