
Microsoft Visual Studio Solution File, Format Version 12.00
# Visual Studio Version 17
VisualStudioVersion = 17.9.34701.34
MinimumVisualStudioVersion = 10.0.40219.1
Project("{9A19103F-16F7-4668-BE54-9A1E7A4F7556}") = "LMS2", "LMS2.csproj", "{D5CA2C4C-A681-45ED-B223-15019AAFEA83}"
EndProject
Global
	GlobalSection(SolutionConfigurationPlatforms) = preSolution
		Debug|Any CPU = Debug|Any CPU
		Release|Any CPU = Release|Any CPU
	EndGlobalSection
	GlobalSection(ProjectConfigurationPlatforms) = postSolution
		{D5CA2C4C-A681-45ED-B223-15019AAFEA83}.Debug|Any CPU.ActiveCfg = Debug|Any CPU
		{D5CA2C4C-A681-45ED-B223-15019AAFEA83}.Debug|Any CPU.Build.0 = Debug|Any CPU
		{D5CA2C4C-A681-45ED-B223-15019AAFEA83}.Release|Any CPU.ActiveCfg = Release|Any CPU
		{D5CA2C4C-A681-45ED-B223-15019AAFEA83}.Release|Any CPU.Build.0 = Release|Any CPU
	EndGlobalSection
	GlobalSection(SolutionProperties) = preSolution
		HideSolutionNode = FALSE
	EndGlobalSection
	GlobalSection(ExtensibilityGlobals) = postSolution
		SolutionGuid = {0E4A058D-CDC7-4E36-8037-44834FCB49AD}
	EndGlobalSection
EndGlobal
